{
  "name": "jj-wordpress",
  "lockfileVersion": 3,
  "requires": true,
  "packages": {
    "": {
      "dependencies": {
        "@lucasmarkes/hairline": "^0.3.0"
      }
    },
    "node_modules/@lucasmarkes/hairline": {
      "version": "0.3.0",
      "resolved": "https://registry.npmjs.org/@lucasmarkes/hairline/-/hairline-0.3.0.tgz",
      "integrity": "sha512-BFaBv/T+0lhr9YudW/s/BTY1dVGPqXbWB3kt0zza6HplV/KMMoghejqb6q2njGBXFeyXgMZMuVtGYfJJAgDj0g==",
      "license": "MIT",
      "peerDependencies": {
        "react": ">=18"
      },
      "peerDependenciesMeta": {
        "react": {
          "optional": true
        }
      }
    }
  }
}
